
Microsoft Visual Studio Solution File, Format Version 12.00
# Visual Studio 15
Project("{FAE04EC0-301F-11D3-BF4B-00C04F79EFBC}") = "SonarScannerSample", "SonarScannerSample\SonarScannerSample.csproj", "{82B0AAB9-2E18-493B-A369-34F5FFEDAEE2}"
EndProject
Project("{FAE04EC0-301F-11D3-BF4B-00C04F79EFBC}") = "SonarScannerSample.Test", "SonarScannerSample.Test\SonarScannerSample.Test.csproj", "{DE00BD5F-DF68-45EE-AB0A-7877AB630DED}"
EndProject
Global
	GlobalSection(SolutionConfigurationPlatforms) = preSolution
		Debug|Any CPU = Debug|Any CPU
		Release|Any CPU = Release|Any CPU
	EndGlobalSection
	GlobalSection(ProjectConfigurationPlatforms) = postSolution
		{82B0AAB9-2E18-493B-A369-34F5FFEDAEE2}.Debug|Any CPU.ActiveCfg = Debug|Any CPU
		{82B0AAB9-2E18-493B-A369-34F5FFEDAEE2}.Debug|Any CPU.Build.0 = Debug|Any CPU
		{82B0AAB9-2E18-493B-A369-34F5FFEDAEE2}.Release|Any CPU.ActiveCfg = Release|Any CPU
		{82B0AAB9-2E18-493B-A369-34F5FFEDAEE2}.Release|Any CPU.Build.0 = Release|Any CPU
		{DE00BD5F-DF68-45EE-AB0A-7877AB630DED}.Debug|Any CPU.ActiveCfg = Debug|Any CPU
		{DE00BD5F-DF68-45EE-AB0A-7877AB630DED}.Debug|Any CPU.Build.0 = Debug|Any CPU
		{DE00BD5F-DF68-45EE-AB0A-7877AB630DED}.Release|Any CPU.ActiveCfg = Release|Any CPU
		{DE00BD5F-DF68-45EE-AB0A-7877AB630DED}.Release|Any CPU.Build.0 = Release|Any CPU
	EndGlobalSection
	GlobalSection(MonoDevelopProperties) = preSolution
		Policies = $0
		$0.TextStylePolicy = $1
		$1.inheritsSet = null
		$1.scope = text/x-csharp
		$0.CSharpFormattingPolicy = $2
		$2.NewLinesForBracesInTypes = False
		$2.NewLinesForBracesInMethods = False
		$2.NewLinesForBracesInProperties = False
		$2.NewLinesForBracesInAccessors = False
		$2.NewLinesForBracesInAnonymousMethods = False
		$2.NewLinesForBracesInControlBlocks = False
		$2.NewLinesForBracesInAnonymousTypes = False
		$2.NewLinesForBracesInObjectCollectionArrayInitializers = False
		$2.NewLinesForBracesInLambdaExpressionBody = False
		$2.NewLineForElse = False
		$2.NewLineForCatch = False
		$2.NewLineForFinally = False
		$2.scope = text/x-csharp
	EndGlobalSection
EndGlobal
